
Microsoft Visual Studio Solution File, Format Version 12.00
# Visual Studio Version 17
VisualStudioVersion = 17.2.32616.157
MinimumVisualStudioVersion = 10.0.40219.1
Project("{2150E333-8FDC-42A3-9474-1A3956D46DE8}") = "Enterprise Business Rules", "Enterprise Business Rules", "{2907FFEB-C1DD-451C-8E96-FEA8DD8DBBF2}"
EndProject
Project("{2150E333-8FDC-42A3-9474-1A3956D46DE8}") = "Application Business Rules", "Application Business Rules", "{FC9E275A-967E-471C-8894-64D446955D7A}"
EndProject
Project("{2150E333-8FDC-42A3-9474-1A3956D46DE8}") = "Interface Adapters", "Interface Adapters", "{5FFEB01D-285A-443E-896D-B3214C3D4159}"
EndProject
Project("{2150E333-8FDC-42A3-9474-1A3956D46DE8}") = "Frameworts And Drivers", "Frameworts And Drivers", "{46D5E926-1860-45CD-998E-E39AC20C73BE}"
EndProject
Project("{9A19103F-16F7-4668-BE54-9A1E7A4F7556}") = "NorthWind.Entities", "NorthWind.Entities\NorthWind.Entities.csproj", "{C02F59ED-9E12-4343-8D03-E6B91F6BEC1F}"
EndProject
Project("{2150E333-8FDC-42A3-9474-1A3956D46DE8}") = "Gateways", "Gateways", "{BFA57B24-2295-40F3-8576-03721D19BD68}"
EndProject
Project("{9A19103F-16F7-4668-BE54-9A1E7A4F7556}") = "NorthWind.Repository.EFCore", "NothWird.Repository.EFCore\NorthWind.Repository.EFCore.csproj", "{1290AEDD-DCEE-4264-92FD-9175A429EC73}"
EndProject
Project("{9A19103F-16F7-4668-BE54-9A1E7A4F7556}") = "NorthWind.UseCaseDTOs", "NorthWind.UseCaseDTOs\NorthWind.UseCaseDTOs.csproj", "{D41CBE00-0C0A-41C9-A0A5-E4F1D4BC3D6B}"
EndProject
Project("{9A19103F-16F7-4668-BE54-9A1E7A4F7556}") = "NorthWind.UseCases", "NorthWind.UseCases\NorthWind.UseCases.csproj", "{FB57289B-3146-482E-BFD5-A70B8F1A3C0A}"
EndProject
Project("{9A19103F-16F7-4668-BE54-9A1E7A4F7556}") = "NorthWind.IoC", "NorthWind.IoC\NorthWind.IoC.csproj", "{7788E229-D195-4ABB-ABBD-A0311E21BF6E}"
EndProject
Project("{2150E333-8FDC-42A3-9474-1A3956D46DE8}") = "Presenters", "Presenters", "{41DC6850-3C75-4E68-9802-722483B70F3E}"
EndProject
Project("{9A19103F-16F7-4668-BE54-9A1E7A4F7556}") = "NorthWin.WebExceptionsPresenter", "NorthWin.WebExceptionsPresenter\NorthWin.WebExceptionsPresenter.csproj", "{5305ADAB-2D4C-48C3-9FF4-465353320AB6}"
EndProject
Project("{FAE04EC0-301F-11D3-BF4B-00C04F79EFBC}") = "NorthWind.Presenters", "NorthWind.Presenters\NorthWind.Presenters.csproj", "{0CD75BDC-4B86-44CB-9A78-DC8C1F6A93FB}"
EndProject
Project("{2150E333-8FDC-42A3-9474-1A3956D46DE8}") = "Controllers", "Controllers", "{ECD527CA-17B6-48F0-9FE0-AFE90A4CFCDC}"
EndProject
Project("{FAE04EC0-301F-11D3-BF4B-00C04F79EFBC}") = "NorthWind.Controllers", "NorthWind.Controllers\NorthWind.Controllers.csproj", "{BBCA3882-E402-44FB-BBF4-206C789F3E53}"
EndProject
Project("{2150E333-8FDC-42A3-9474-1A3956D46DE8}") = "UI", "UI", "{8B2ABDCE-11A3-4135-9533-34FD02191F9A}"
EndProject
Project("{FAE04EC0-301F-11D3-BF4B-00C04F79EFBC}") = "NorthWind.WebApi", "NorthWind.WebApi\NorthWind.WebApi.csproj", "{A968D774-6680-41B1-A326-C5ED3D5ECE5D}"
EndProject
Global
	GlobalSection(SolutionConfigurationPlatforms) = preSolution
		Debug|Any CPU = Debug|Any CPU
		Release|Any CPU = Release|Any CPU
	EndGlobalSection
	GlobalSection(ProjectConfigurationPlatforms) = postSolution
		{C02F59ED-9E12-4343-8D03-E6B91F6BEC1F}.Debug|Any CPU.ActiveCfg = Debug|Any CPU
		{C02F59ED-9E12-4343-8D03-E6B91F6BEC1F}.Debug|Any CPU.Build.0 = Debug|Any CPU
		{C02F59ED-9E12-4343-8D03-E6B91F6BEC1F}.Release|Any CPU.ActiveCfg = Release|Any CPU
		{C02F59ED-9E12-4343-8D03-E6B91F6BEC1F}.Release|Any CPU.Build.0 = Release|Any CPU
		{1290AEDD-DCEE-4264-92FD-9175A429EC73}.Debug|Any CPU.ActiveCfg = Debug|Any CPU
		{1290AEDD-DCEE-4264-92FD-9175A429EC73}.Debug|Any CPU.Build.0 = Debug|Any CPU
		{1290AEDD-DCEE-4264-92FD-9175A429EC73}.Release|Any CPU.ActiveCfg = Release|Any CPU
		{1290AEDD-DCEE-4264-92FD-9175A429EC73}.Release|Any CPU.Build.0 = Release|Any CPU
		{D41CBE00-0C0A-41C9-A0A5-E4F1D4BC3D6B}.Debug|Any CPU.ActiveCfg = Debug|Any CPU
		{D41CBE00-0C0A-41C9-A0A5-E4F1D4BC3D6B}.Debug|Any CPU.Build.0 = Debug|Any CPU
		{D41CBE00-0C0A-41C9-A0A5-E4F1D4BC3D6B}.Release|Any CPU.ActiveCfg = Release|Any CPU
		{D41CBE00-0C0A-41C9-A0A5-E4F1D4BC3D6B}.Release|Any CPU.Build.0 = Release|Any CPU
		{FB57289B-3146-482E-BFD5-A70B8F1A3C0A}.Debug|Any CPU.ActiveCfg = Debug|Any CPU
		{FB57289B-3146-482E-BFD5-A70B8F1A3C0A}.Debug|Any CPU.Build.0 = Debug|Any CPU
		{FB57289B-3146-482E-BFD5-A70B8F1A3C0A}.Release|Any CPU.ActiveCfg = Release|Any CPU
		{FB57289B-3146-482E-BFD5-A70B8F1A3C0A}.Release|Any CPU.Build.0 = Release|Any CPU
		{7788E229-D195-4ABB-ABBD-A0311E21BF6E}.Debug|Any CPU.ActiveCfg = Debug|Any CPU
		{7788E229-D195-4ABB-ABBD-A0311E21BF6E}.Debug|Any CPU.Build.0 = Debug|Any CPU
		{7788E229-D195-4ABB-ABBD-A0311E21BF6E}.Release|Any CPU.ActiveCfg = Release|Any CPU
		{7788E229-D195-4ABB-ABBD-A0311E21BF6E}.Release|Any CPU.Build.0 = Release|Any CPU
		{5305ADAB-2D4C-48C3-9FF4-465353320AB6}.Debug|Any CPU.ActiveCfg = Debug|Any CPU
		{5305ADAB-2D4C-48C3-9FF4-465353320AB6}.Debug|Any CPU.Build.0 = Debug|Any CPU
		{5305ADAB-2D4C-48C3-9FF4-465353320AB6}.Release|Any CPU.ActiveCfg = Release|Any CPU
		{5305ADAB-2D4C-48C3-9FF4-465353320AB6}.Release|Any CPU.Build.0 = Release|Any CPU
		{0CD75BDC-4B86-44CB-9A78-DC8C1F6A93FB}.Debug|Any CPU.ActiveCfg = Debug|Any CPU
		{0CD75BDC-4B86-44CB-9A78-DC8C1F6A93FB}.Debug|Any CPU.Build.0 = Debug|Any CPU
		{0CD75BDC-4B86-44CB-9A78-DC8C1F6A93FB}.Release|Any CPU.ActiveCfg = Release|Any CPU
		{0CD75BDC-4B86-44CB-9A78-DC8C1F6A93FB}.Release|Any CPU.Build.0 = Release|Any CPU
		{BBCA3882-E402-44FB-BBF4-206C789F3E53}.Debug|Any CPU.ActiveCfg = Debug|Any CPU
		{BBCA3882-E402-44FB-BBF4-206C789F3E53}.Debug|Any CPU.Build.0 = Debug|Any CPU
		{BBCA3882-E402-44FB-BBF4-206C789F3E53}.Release|Any CPU.ActiveCfg = Release|Any CPU
		{BBCA3882-E402-44FB-BBF4-206C789F3E53}.Release|Any CPU.Build.0 = Release|Any CPU
		{A968D774-6680-41B1-A326-C5ED3D5ECE5D}.Debug|Any CPU.ActiveCfg = Debug|Any CPU
		{A968D774-6680-41B1-A326-C5ED3D5ECE5D}.Debug|Any CPU.Build.0 = Debug|Any CPU
		{A968D774-6680-41B1-A326-C5ED3D5ECE5D}.Release|Any CPU.ActiveCfg = Release|Any CPU
		{A968D774-6680-41B1-A326-C5ED3D5ECE5D}.Release|Any CPU.Build.0 = Release|Any CPU
	EndGlobalSection
	GlobalSection(SolutionProperties) = preSolution
		HideSolutionNode = FALSE
	EndGlobalSection
	GlobalSection(NestedProjects) = preSolution
		{C02F59ED-9E12-4343-8D03-E6B91F6BEC1F} = {2907FFEB-C1DD-451C-8E96-FEA8DD8DBBF2}
		{BFA57B24-2295-40F3-8576-03721D19BD68} = {5FFEB01D-285A-443E-896D-B3214C3D4159}
		{1290AEDD-DCEE-4264-92FD-9175A429EC73} = {BFA57B24-2295-40F3-8576-03721D19BD68}
		{D41CBE00-0C0A-41C9-A0A5-E4F1D4BC3D6B} = {FC9E275A-967E-471C-8894-64D446955D7A}
		{FB57289B-3146-482E-BFD5-A70B8F1A3C0A} = {FC9E275A-967E-471C-8894-64D446955D7A}
		{7788E229-D195-4ABB-ABBD-A0311E21BF6E} = {5FFEB01D-285A-443E-896D-B3214C3D4159}
		{41DC6850-3C75-4E68-9802-722483B70F3E} = {5FFEB01D-285A-443E-896D-B3214C3D4159}
		{5305ADAB-2D4C-48C3-9FF4-465353320AB6} = {41DC6850-3C75-4E68-9802-722483B70F3E}
		{0CD75BDC-4B86-44CB-9A78-DC8C1F6A93FB} = {41DC6850-3C75-4E68-9802-722483B70F3E}
		{ECD527CA-17B6-48F0-9FE0-AFE90A4CFCDC} = {5FFEB01D-285A-443E-896D-B3214C3D4159}
		{BBCA3882-E402-44FB-BBF4-206C789F3E53} = {ECD527CA-17B6-48F0-9FE0-AFE90A4CFCDC}
		{8B2ABDCE-11A3-4135-9533-34FD02191F9A} = {46D5E926-1860-45CD-998E-E39AC20C73BE}
		{A968D774-6680-41B1-A326-C5ED3D5ECE5D} = {8B2ABDCE-11A3-4135-9533-34FD02191F9A}
	EndGlobalSection
	GlobalSection(ExtensibilityGlobals) = postSolution
		SolutionGuid = {92E1E4CA-9557-4678-80B9-B34CA2006354}
	EndGlobalSection
EndGlobal
